
Microsoft Visual Studio Solution File, Format Version 12.00
# Visual Studio 14
VisualStudioVersion = 14.0.25420.1
MinimumVisualStudioVersion = 10.0.40219.1
Project("{2150E333-8FDC-42A3-9474-1A3956D46DE8}") = "Engine", "Engine", "{D6AD4458-9E56-4B41-AD7B-1EFF29BCEB1A}"
EndProject
Project("{2150E333-8FDC-42A3-9474-1A3956D46DE8}") = "Games", "Games", "{F1B72FB1-5BA8-4344-95AD-BB227BC5EFBA}"
EndProject
Project("{8BC9CEB8-8B4A-11D0-8D11-00A0C91BC942}") = "UE4", "Intermediate\ProjectFiles\UE4.vcxproj", "{68F09E16-AE7C-417C-BE3F-332270D6F358}"
EndProject
Project("{8BC9CEB8-8B4A-11D0-8D11-00A0C91BC942}") = "BuildingEscape", "Intermediate\ProjectFiles\BuildingEscape.vcxproj", "{26DE81F2-9C11-4EC7-98CD-065C251A2539}"
EndProject
Global
	GlobalSection(SolutionConfigurationPlatforms) = preSolution
		DebugGame Editor|HTML5 = DebugGame Editor|HTML5
		DebugGame Editor|Win32 = DebugGame Editor|Win32
		DebugGame Editor|Win64 = DebugGame Editor|Win64
		DebugGame|HTML5 = DebugGame|HTML5
		DebugGame|Win32 = DebugGame|Win32
		DebugGame|Win64 = DebugGame|Win64
		Development Editor|HTML5 = Development Editor|HTML5
		Development Editor|Win32 = Development Editor|Win32
		Development Editor|Win64 = Development Editor|Win64
		Development|HTML5 = Development|HTML5
		Development|Win32 = Development|Win32
		Development|Win64 = Development|Win64
		Shipping|HTML5 = Shipping|HTML5
		Shipping|Win32 = Shipping|Win32
		Shipping|Win64 = Shipping|Win64
	EndGlobalSection
	GlobalSection(ProjectConfigurationPlatforms) = postSolution
		{68F09E16-AE7C-417C-BE3F-332270D6F358}.DebugGame Editor|HTML5.ActiveCfg = BuiltWithUnrealBuildTool|Win32
		{68F09E16-AE7C-417C-BE3F-332270D6F358}.DebugGame Editor|HTML5.Build.0 = BuiltWithUnrealBuildTool|Win32
		{68F09E16-AE7C-417C-BE3F-332270D6F358}.DebugGame Editor|Win32.ActiveCfg = BuiltWithUnrealBuildTool|Win32
		{68F09E16-AE7C-417C-BE3F-332270D6F358}.DebugGame Editor|Win32.Build.0 = BuiltWithUnrealBuildTool|Win32
		{68F09E16-AE7C-417C-BE3F-332270D6F358}.DebugGame Editor|Win64.ActiveCfg = BuiltWithUnrealBuildTool|Win32
		{68F09E16-AE7C-417C-BE3F-332270D6F358}.DebugGame Editor|Win64.Build.0 = BuiltWithUnrealBuildTool|Win32
		{68F09E16-AE7C-417C-BE3F-332270D6F358}.DebugGame|HTML5.ActiveCfg = BuiltWithUnrealBuildTool|Win32
		{68F09E16-AE7C-417C-BE3F-332270D6F358}.DebugGame|HTML5.Build.0 = BuiltWithUnrealBuildTool|Win32
		{68F09E16-AE7C-417C-BE3F-332270D6F358}.DebugGame|Win32.ActiveCfg = BuiltWithUnrealBuildTool|Win32
		{68F09E16-AE7C-417C-BE3F-332270D6F358}.DebugGame|Win32.Build.0 = BuiltWithUnrealBuildTool|Win32
		{68F09E16-AE7C-417C-BE3F-332270D6F358}.DebugGame|Win64.ActiveCfg = BuiltWithUnrealBuildTool|Win32
		{68F09E16-AE7C-417C-BE3F-332270D6F358}.DebugGame|Win64.Build.0 = BuiltWithUnrealBuildTool|Win32
		{68F09E16-AE7C-417C-BE3F-332270D6F358}.Development Editor|HTML5.ActiveCfg = BuiltWithUnrealBuildTool|Win32
		{68F09E16-AE7C-417C-BE3F-332270D6F358}.Development Editor|HTML5.Build.0 = BuiltWithUnrealBuildTool|Win32
		{68F09E16-AE7C-417C-BE3F-332270D6F358}.Development Editor|Win32.ActiveCfg = BuiltWithUnrealBuildTool|Win32
		{68F09E16-AE7C-417C-BE3F-332270D6F358}.Development Editor|Win32.Build.0 = BuiltWithUnrealBuildTool|Win32
		{68F09E16-AE7C-417C-BE3F-332270D6F358}.Development Editor|Win64.ActiveCfg = BuiltWithUnrealBuildTool|Win32
		{68F09E16-AE7C-417C-BE3F-332270D6F358}.Development Editor|Win64.Build.0 = BuiltWithUnrealBuildTool|Win32
		{68F09E16-AE7C-417C-BE3F-332270D6F358}.Development|HTML5.ActiveCfg = BuiltWithUnrealBuildTool|Win32
		{68F09E16-AE7C-417C-BE3F-332270D6F358}.Development|HTML5.Build.0 = BuiltWithUnrealBuildTool|Win32
		{68F09E16-AE7C-417C-BE3F-332270D6F358}.Development|Win32.ActiveCfg = BuiltWithUnrealBuildTool|Win32
		{68F09E16-AE7C-417C-BE3F-332270D6F358}.Development|Win32.Build.0 = BuiltWithUnrealBuildTool|Win32
		{68F09E16-AE7C-417C-BE3F-332270D6F358}.Development|Win64.ActiveCfg = BuiltWithUnrealBuildTool|Win32
		{68F09E16-AE7C-417C-BE3F-332270D6F358}.Development|Win64.Build.0 = BuiltWithUnrealBuildTool|Win32
		{68F09E16-AE7C-417C-BE3F-332270D6F358}.Shipping|HTML5.ActiveCfg = BuiltWithUnrealBuildTool|Win32
		{68F09E16-AE7C-417C-BE3F-332270D6F358}.Shipping|HTML5.Build.0 = BuiltWithUnrealBuildTool|Win32
		{68F09E16-AE7C-417C-BE3F-332270D6F358}.Shipping|Win32.ActiveCfg = BuiltWithUnrealBuildTool|Win32
		{68F09E16-AE7C-417C-BE3F-332270D6F358}.Shipping|Win32.Build.0 = BuiltWithUnrealBuildTool|Win32
		{68F09E16-AE7C-417C-BE3F-332270D6F358}.Shipping|Win64.ActiveCfg = BuiltWithUnrealBuildTool|Win32
		{68F09E16-AE7C-417C-BE3F-332270D6F358}.Shipping|Win64.Build.0 = BuiltWithUnrealBuildTool|Win32
		{26DE81F2-9C11-4EC7-98CD-065C251A2539}.DebugGame Editor|HTML5.ActiveCfg = HTML5_DebugGame_Editor|Win32
		{26DE81F2-9C11-4EC7-98CD-065C251A2539}.DebugGame Editor|Win32.ActiveCfg = DebugGame_Editor|Win32
		{26DE81F2-9C11-4EC7-98CD-065C251A2539}.DebugGame Editor|Win64.ActiveCfg = DebugGame_Editor|x64
		{26DE81F2-9C11-4EC7-98CD-065C251A2539}.DebugGame Editor|Win64.Build.0 = DebugGame_Editor|x64
		{26DE81F2-9C11-4EC7-98CD-065C251A2539}.DebugGame|HTML5.ActiveCfg = HTML5_DebugGame_Game|Win32
		{26DE81F2-9C11-4EC7-98CD-065C251A2539}.DebugGame|HTML5.Build.0 = HTML5_DebugGame_Game|Win32
		{26DE81F2-9C11-4EC7-98CD-065C251A2539}.DebugGame|Win32.ActiveCfg = DebugGame_Game|Win32
		{26DE81F2-9C11-4EC7-98CD-065C251A2539}.DebugGame|Win32.Build.0 = DebugGame_Game|Win32
		{26DE81F2-9C11-4EC7-98CD-065C251A2539}.DebugGame|Win64.ActiveCfg = DebugGame_Game|x64
		{26DE81F2-9C11-4EC7-98CD-065C251A2539}.DebugGame|Win64.Build.0 = DebugGame_Game|x64
		{26DE81F2-9C11-4EC7-98CD-065C251A2539}.Development Editor|HTML5.ActiveCfg = HTML5_Development_Editor|Win32
		{26DE81F2-9C11-4EC7-98CD-065C251A2539}.Development Editor|Win32.ActiveCfg = Development_Editor|Win32
		{26DE81F2-9C11-4EC7-98CD-065C251A2539}.Development Editor|Win64.ActiveCfg = Development_Editor|x64
		{26DE81F2-9C11-4EC7-98CD-065C251A2539}.Development Editor|Win64.Build.0 = Development_Editor|x64
		{26DE81F2-9C11-4EC7-98CD-065C251A2539}.Development|HTML5.ActiveCfg = HTML5_Development_Game|Win32
		{26DE81F2-9C11-4EC7-98CD-065C251A2539}.Development|HTML5.Build.0 = HTML5_Development_Game|Win32
		{26DE81F2-9C11-4EC7-98CD-065C251A2539}.Development|Win32.ActiveCfg = Development_Game|Win32
		{26DE81F2-9C11-4EC7-98CD-065C251A2539}.Development|Win32.Build.0 = Development_Game|Win32
		{26DE81F2-9C11-4EC7-98CD-065C251A2539}.Development|Win64.ActiveCfg = Development_Game|x64
		{26DE81F2-9C11-4EC7-98CD-065C251A2539}.Development|Win64.Build.0 = Development_Game|x64
		{26DE81F2-9C11-4EC7-98CD-065C251A2539}.Shipping|HTML5.ActiveCfg = HTML5_Shipping_Game|Win32
		{26DE81F2-9C11-4EC7-98CD-065C251A2539}.Shipping|HTML5.Build.0 = HTML5_Shipping_Game|Win32
		{26DE81F2-9C11-4EC7-98CD-065C251A2539}.Shipping|Win32.ActiveCfg = Shipping_Game|Win32
		{26DE81F2-9C11-4EC7-98CD-065C251A2539}.Shipping|Win32.Build.0 = Shipping_Game|Win32
		{26DE81F2-9C11-4EC7-98CD-065C251A2539}.Shipping|Win64.ActiveCfg = Shipping_Game|x64
		{26DE81F2-9C11-4EC7-98CD-065C251A2539}.Shipping|Win64.Build.0 = Shipping_Game|x64
	EndGlobalSection
	GlobalSection(SolutionProperties) = preSolution
		HideSolutionNode = FALSE
	EndGlobalSection
	GlobalSection(NestedProjects) = preSolution
		{68F09E16-AE7C-417C-BE3F-332270D6F358} = {D6AD4458-9E56-4B41-AD7B-1EFF29BCEB1A}
		{26DE81F2-9C11-4EC7-98CD-065C251A2539} = {F1B72FB1-5BA8-4344-95AD-BB227BC5EFBA}
	EndGlobalSection
EndGlobal
