
Microsoft Visual Studio Solution File, Format Version 12.00
# Visual Studio 14
VisualStudioVersion = 14.0.25420.1
MinimumVisualStudioVersion = 10.0.40219.1
Project("{2150E333-8FDC-42A3-9474-1A3956D46DE8}") = "Engine", "Engine", "{15B59438-7377-4034-9B18-32488F350D34}"
EndProject
Project("{2150E333-8FDC-42A3-9474-1A3956D46DE8}") = "Games", "Games", "{998B54AF-BA49-4207-923D-D06494755E07}"
EndProject
Project("{8BC9CEB8-8B4A-11D0-8D11-00A0C91BC942}") = "UE4", "Intermediate\ProjectFiles\UE4.vcxproj", "{C59F1A3F-0D5E-4C75-AD13-22AE8D0D4481}"
EndProject
Project("{8BC9CEB8-8B4A-11D0-8D11-00A0C91BC942}") = "BuildingEscape", "Intermediate\ProjectFiles\BuildingEscape.vcxproj", "{FBEF9A4B-3BE0-4324-9262-89907C2AF8B0}"
EndProject
Global
	GlobalSection(SolutionConfigurationPlatforms) = preSolution
		DebugGame Editor|HTML5 = DebugGame Editor|HTML5
		DebugGame Editor|Win32 = DebugGame Editor|Win32
		DebugGame Editor|Win64 = DebugGame Editor|Win64
		DebugGame|HTML5 = DebugGame|HTML5
		DebugGame|Win32 = DebugGame|Win32
		DebugGame|Win64 = DebugGame|Win64
		Development Editor|HTML5 = Development Editor|HTML5
		Development Editor|Win32 = Development Editor|Win32
		Development Editor|Win64 = Development Editor|Win64
		Development|HTML5 = Development|HTML5
		Development|Win32 = Development|Win32
		Development|Win64 = Development|Win64
		Shipping|HTML5 = Shipping|HTML5
		Shipping|Win32 = Shipping|Win32
		Shipping|Win64 = Shipping|Win64
	EndGlobalSection
	GlobalSection(ProjectConfigurationPlatforms) = postSolution
		{C59F1A3F-0D5E-4C75-AD13-22AE8D0D4481}.DebugGame Editor|HTML5.ActiveCfg = BuiltWithUnrealBuildTool|Win32
		{C59F1A3F-0D5E-4C75-AD13-22AE8D0D4481}.DebugGame Editor|HTML5.Build.0 = BuiltWithUnrealBuildTool|Win32
		{C59F1A3F-0D5E-4C75-AD13-22AE8D0D4481}.DebugGame Editor|Win32.ActiveCfg = BuiltWithUnrealBuildTool|Win32
		{C59F1A3F-0D5E-4C75-AD13-22AE8D0D4481}.DebugGame Editor|Win32.Build.0 = BuiltWithUnrealBuildTool|Win32
		{C59F1A3F-0D5E-4C75-AD13-22AE8D0D4481}.DebugGame Editor|Win64.ActiveCfg = BuiltWithUnrealBuildTool|Win32
		{C59F1A3F-0D5E-4C75-AD13-22AE8D0D4481}.DebugGame Editor|Win64.Build.0 = BuiltWithUnrealBuildTool|Win32
		{C59F1A3F-0D5E-4C75-AD13-22AE8D0D4481}.DebugGame|HTML5.ActiveCfg = BuiltWithUnrealBuildTool|Win32
		{C59F1A3F-0D5E-4C75-AD13-22AE8D0D4481}.DebugGame|HTML5.Build.0 = BuiltWithUnrealBuildTool|Win32
		{C59F1A3F-0D5E-4C75-AD13-22AE8D0D4481}.DebugGame|Win32.ActiveCfg = BuiltWithUnrealBuildTool|Win32
		{C59F1A3F-0D5E-4C75-AD13-22AE8D0D4481}.DebugGame|Win32.Build.0 = BuiltWithUnrealBuildTool|Win32
		{C59F1A3F-0D5E-4C75-AD13-22AE8D0D4481}.DebugGame|Win64.ActiveCfg = BuiltWithUnrealBuildTool|Win32
		{C59F1A3F-0D5E-4C75-AD13-22AE8D0D4481}.DebugGame|Win64.Build.0 = BuiltWithUnrealBuildTool|Win32
		{C59F1A3F-0D5E-4C75-AD13-22AE8D0D4481}.Development Editor|HTML5.ActiveCfg = BuiltWithUnrealBuildTool|Win32
		{C59F1A3F-0D5E-4C75-AD13-22AE8D0D4481}.Development Editor|HTML5.Build.0 = BuiltWithUnrealBuildTool|Win32
		{C59F1A3F-0D5E-4C75-AD13-22AE8D0D4481}.Development Editor|Win32.ActiveCfg = BuiltWithUnrealBuildTool|Win32
		{C59F1A3F-0D5E-4C75-AD13-22AE8D0D4481}.Development Editor|Win32.Build.0 = BuiltWithUnrealBuildTool|Win32
		{C59F1A3F-0D5E-4C75-AD13-22AE8D0D4481}.Development Editor|Win64.ActiveCfg = BuiltWithUnrealBuildTool|Win32
		{C59F1A3F-0D5E-4C75-AD13-22AE8D0D4481}.Development Editor|Win64.Build.0 = BuiltWithUnrealBuildTool|Win32
		{C59F1A3F-0D5E-4C75-AD13-22AE8D0D4481}.Development|HTML5.ActiveCfg = BuiltWithUnrealBuildTool|Win32
		{C59F1A3F-0D5E-4C75-AD13-22AE8D0D4481}.Development|HTML5.Build.0 = BuiltWithUnrealBuildTool|Win32
		{C59F1A3F-0D5E-4C75-AD13-22AE8D0D4481}.Development|Win32.ActiveCfg = BuiltWithUnrealBuildTool|Win32
		{C59F1A3F-0D5E-4C75-AD13-22AE8D0D4481}.Development|Win32.Build.0 = BuiltWithUnrealBuildTool|Win32
		{C59F1A3F-0D5E-4C75-AD13-22AE8D0D4481}.Development|Win64.ActiveCfg = BuiltWithUnrealBuildTool|Win32
		{C59F1A3F-0D5E-4C75-AD13-22AE8D0D4481}.Development|Win64.Build.0 = BuiltWithUnrealBuildTool|Win32
		{C59F1A3F-0D5E-4C75-AD13-22AE8D0D4481}.Shipping|HTML5.ActiveCfg = BuiltWithUnrealBuildTool|Win32
		{C59F1A3F-0D5E-4C75-AD13-22AE8D0D4481}.Shipping|HTML5.Build.0 = BuiltWithUnrealBuildTool|Win32
		{C59F1A3F-0D5E-4C75-AD13-22AE8D0D4481}.Shipping|Win32.ActiveCfg = BuiltWithUnrealBuildTool|Win32
		{C59F1A3F-0D5E-4C75-AD13-22AE8D0D4481}.Shipping|Win32.Build.0 = BuiltWithUnrealBuildTool|Win32
		{C59F1A3F-0D5E-4C75-AD13-22AE8D0D4481}.Shipping|Win64.ActiveCfg = BuiltWithUnrealBuildTool|Win32
		{C59F1A3F-0D5E-4C75-AD13-22AE8D0D4481}.Shipping|Win64.Build.0 = BuiltWithUnrealBuildTool|Win32
		{FBEF9A4B-3BE0-4324-9262-89907C2AF8B0}.DebugGame Editor|HTML5.ActiveCfg = HTML5_DebugGame_Editor|Win32
		{FBEF9A4B-3BE0-4324-9262-89907C2AF8B0}.DebugGame Editor|Win32.ActiveCfg = DebugGame_Editor|Win32
		{FBEF9A4B-3BE0-4324-9262-89907C2AF8B0}.DebugGame Editor|Win64.ActiveCfg = DebugGame_Editor|x64
		{FBEF9A4B-3BE0-4324-9262-89907C2AF8B0}.DebugGame Editor|Win64.Build.0 = DebugGame_Editor|x64
		{FBEF9A4B-3BE0-4324-9262-89907C2AF8B0}.DebugGame|HTML5.ActiveCfg = HTML5_DebugGame_Game|Win32
		{FBEF9A4B-3BE0-4324-9262-89907C2AF8B0}.DebugGame|HTML5.Build.0 = HTML5_DebugGame_Game|Win32
		{FBEF9A4B-3BE0-4324-9262-89907C2AF8B0}.DebugGame|Win32.ActiveCfg = DebugGame_Game|Win32
		{FBEF9A4B-3BE0-4324-9262-89907C2AF8B0}.DebugGame|Win32.Build.0 = DebugGame_Game|Win32
		{FBEF9A4B-3BE0-4324-9262-89907C2AF8B0}.DebugGame|Win64.ActiveCfg = DebugGame_Game|x64
		{FBEF9A4B-3BE0-4324-9262-89907C2AF8B0}.DebugGame|Win64.Build.0 = DebugGame_Game|x64
		{FBEF9A4B-3BE0-4324-9262-89907C2AF8B0}.Development Editor|HTML5.ActiveCfg = HTML5_Development_Editor|Win32
		{FBEF9A4B-3BE0-4324-9262-89907C2AF8B0}.Development Editor|Win32.ActiveCfg = Development_Editor|Win32
		{FBEF9A4B-3BE0-4324-9262-89907C2AF8B0}.Development Editor|Win64.ActiveCfg = Development_Editor|x64
		{FBEF9A4B-3BE0-4324-9262-89907C2AF8B0}.Development Editor|Win64.Build.0 = Development_Editor|x64
		{FBEF9A4B-3BE0-4324-9262-89907C2AF8B0}.Development|HTML5.ActiveCfg = HTML5_Development_Game|Win32
		{FBEF9A4B-3BE0-4324-9262-89907C2AF8B0}.Development|HTML5.Build.0 = HTML5_Development_Game|Win32
		{FBEF9A4B-3BE0-4324-9262-89907C2AF8B0}.Development|Win32.ActiveCfg = Development_Game|Win32
		{FBEF9A4B-3BE0-4324-9262-89907C2AF8B0}.Development|Win32.Build.0 = Development_Game|Win32
		{FBEF9A4B-3BE0-4324-9262-89907C2AF8B0}.Development|Win64.ActiveCfg = Development_Game|x64
		{FBEF9A4B-3BE0-4324-9262-89907C2AF8B0}.Development|Win64.Build.0 = Development_Game|x64
		{FBEF9A4B-3BE0-4324-9262-89907C2AF8B0}.Shipping|HTML5.ActiveCfg = HTML5_Shipping_Game|Win32
		{FBEF9A4B-3BE0-4324-9262-89907C2AF8B0}.Shipping|HTML5.Build.0 = HTML5_Shipping_Game|Win32
		{FBEF9A4B-3BE0-4324-9262-89907C2AF8B0}.Shipping|Win32.ActiveCfg = Shipping_Game|Win32
		{FBEF9A4B-3BE0-4324-9262-89907C2AF8B0}.Shipping|Win32.Build.0 = Shipping_Game|Win32
		{FBEF9A4B-3BE0-4324-9262-89907C2AF8B0}.Shipping|Win64.ActiveCfg = Shipping_Game|x64
		{FBEF9A4B-3BE0-4324-9262-89907C2AF8B0}.Shipping|Win64.Build.0 = Shipping_Game|x64
	EndGlobalSection
	GlobalSection(SolutionProperties) = preSolution
		HideSolutionNode = FALSE
	EndGlobalSection
	GlobalSection(NestedProjects) = preSolution
		{C59F1A3F-0D5E-4C75-AD13-22AE8D0D4481} = {15B59438-7377-4034-9B18-32488F350D34}
		{FBEF9A4B-3BE0-4324-9262-89907C2AF8B0} = {998B54AF-BA49-4207-923D-D06494755E07}
	EndGlobalSection
EndGlobal
